
Microsoft Visual Studio Solution File, Format Version 12.00
# Visual Studio Version 16
VisualStudioVersion = 16.0.29709.97
MinimumVisualStudioVersion = 10.0.40219.1
Project("{FAE04EC0-301F-11D3-BF4B-00C04F79EFBC}") = "ECommerce", "ECommerce\ECommerce.csproj", "{D70262DE-C7FC-472E-B314-CCDC9C98721B}"
EndProject
Global
	GlobalSection(SolutionConfigurationPlatforms) = preSolution
		Debug|Any CPU = Debug|Any CPU
		Release|Any CPU = Release|Any CPU
	EndGlobalSection
	GlobalSection(ProjectConfigurationPlatforms) = postSolution
		{D70262DE-C7FC-472E-B314-CCDC9C98721B}.Debug|Any CPU.ActiveCfg = Debug|Any CPU
		{D70262DE-C7FC-472E-B314-CCDC9C98721B}.Debug|Any CPU.Build.0 = Debug|Any CPU
		{D70262DE-C7FC-472E-B314-CCDC9C98721B}.Release|Any CPU.ActiveCfg = Release|Any CPU
		{D70262DE-C7FC-472E-B314-CCDC9C98721B}.Release|Any CPU.Build.0 = Release|Any CPU
	EndGlobalSection
	GlobalSection(SolutionProperties) = preSolution
		HideSolutionNode = FALSE
	EndGlobalSection
	GlobalSection(ExtensibilityGlobals) = postSolution
		SolutionGuid = {1C7EEAB2-CF45-4646-B2B8-F557EBE19764}
	EndGlobalSection
EndGlobal
